
Microsoft Visual Studio Solution File, Format Version 12.00
# Visual Studio Version 17
VisualStudioVersion = 17.1.31903.286
MinimumVisualStudioVersion = 10.0.40219.1
Project("{FAE04EC0-301F-11D3-BF4B-00C04F79EFBC}") = "GUIClient", "GUIClient\GUIClient.csproj", "{F21EFE71-3F50-40DF-986E-EAB8900C9F6A}"
EndProject
Project("{2150E333-8FDC-42A3-9474-1A3956D46DE8}") = "Server", "Server", "{9B1801E0-5496-4DBB-9A0E-3F06D7D9ADD6}"
EndProject
Project("{2150E333-8FDC-42A3-9474-1A3956D46DE8}") = "Client", "Client", "{A1E21DE9-415C-4334-B3FA-D4FEDF92203C}"
EndProject
Project("{2150E333-8FDC-42A3-9474-1A3956D46DE8}") = "Test", "Test", "{FBA72252-289B-4E72-928C-23BFB1CC820E}"
EndProject
Project("{FAE04EC0-301F-11D3-BF4B-00C04F79EFBC}") = "ClientTest", "ClientTest\ClientTest.csproj", "{041B221C-F47E-4DA1-9222-3F17B2E0EC3D}"
EndProject
Project("{FAE04EC0-301F-11D3-BF4B-00C04F79EFBC}") = "ServerTest", "ServerTest\ServerTest.csproj", "{6C5D5F4C-B78F-4154-A771-920C87D3C057}"
EndProject
Project("{FAE04EC0-301F-11D3-BF4B-00C04F79EFBC}") = "Networking", "Networking\Networking.csproj", "{C305B34C-4A62-4645-9028-ECA09787CF1A}"
EndProject
Project("{FAE04EC0-301F-11D3-BF4B-00C04F79EFBC}") = "DOSServer", "DOSServer\DOSServer.csproj", "{F327C62F-15B8-46B0-9402-3C0F014C3603}"
EndProject
Project("{FAE04EC0-301F-11D3-BF4B-00C04F79EFBC}") = "ServerAttacker", "ServerAttacker\ServerAttacker.csproj", "{32803BF6-5EFC-432C-9C30-4DB1A283280B}"
EndProject
Global
	GlobalSection(SolutionConfigurationPlatforms) = preSolution
		Debug|Any CPU = Debug|Any CPU
		Release|Any CPU = Release|Any CPU
	EndGlobalSection
	GlobalSection(ProjectConfigurationPlatforms) = postSolution
		{F21EFE71-3F50-40DF-986E-EAB8900C9F6A}.Debug|Any CPU.ActiveCfg = Debug|Any CPU
		{F21EFE71-3F50-40DF-986E-EAB8900C9F6A}.Debug|Any CPU.Build.0 = Debug|Any CPU
		{F21EFE71-3F50-40DF-986E-EAB8900C9F6A}.Release|Any CPU.ActiveCfg = Release|Any CPU
		{F21EFE71-3F50-40DF-986E-EAB8900C9F6A}.Release|Any CPU.Build.0 = Release|Any CPU
		{041B221C-F47E-4DA1-9222-3F17B2E0EC3D}.Debug|Any CPU.ActiveCfg = Debug|Any CPU
		{041B221C-F47E-4DA1-9222-3F17B2E0EC3D}.Debug|Any CPU.Build.0 = Debug|Any CPU
		{041B221C-F47E-4DA1-9222-3F17B2E0EC3D}.Release|Any CPU.ActiveCfg = Release|Any CPU
		{041B221C-F47E-4DA1-9222-3F17B2E0EC3D}.Release|Any CPU.Build.0 = Release|Any CPU
		{6C5D5F4C-B78F-4154-A771-920C87D3C057}.Debug|Any CPU.ActiveCfg = Debug|Any CPU
		{6C5D5F4C-B78F-4154-A771-920C87D3C057}.Debug|Any CPU.Build.0 = Debug|Any CPU
		{6C5D5F4C-B78F-4154-A771-920C87D3C057}.Release|Any CPU.ActiveCfg = Release|Any CPU
		{6C5D5F4C-B78F-4154-A771-920C87D3C057}.Release|Any CPU.Build.0 = Release|Any CPU
		{C305B34C-4A62-4645-9028-ECA09787CF1A}.Debug|Any CPU.ActiveCfg = Debug|Any CPU
		{C305B34C-4A62-4645-9028-ECA09787CF1A}.Debug|Any CPU.Build.0 = Debug|Any CPU
		{C305B34C-4A62-4645-9028-ECA09787CF1A}.Release|Any CPU.ActiveCfg = Release|Any CPU
		{C305B34C-4A62-4645-9028-ECA09787CF1A}.Release|Any CPU.Build.0 = Release|Any CPU
		{F327C62F-15B8-46B0-9402-3C0F014C3603}.Debug|Any CPU.ActiveCfg = Debug|Any CPU
		{F327C62F-15B8-46B0-9402-3C0F014C3603}.Debug|Any CPU.Build.0 = Debug|Any CPU
		{F327C62F-15B8-46B0-9402-3C0F014C3603}.Release|Any CPU.ActiveCfg = Release|Any CPU
		{F327C62F-15B8-46B0-9402-3C0F014C3603}.Release|Any CPU.Build.0 = Release|Any CPU
		{32803BF6-5EFC-432C-9C30-4DB1A283280B}.Debug|Any CPU.ActiveCfg = Debug|Any CPU
		{32803BF6-5EFC-432C-9C30-4DB1A283280B}.Debug|Any CPU.Build.0 = Debug|Any CPU
		{32803BF6-5EFC-432C-9C30-4DB1A283280B}.Release|Any CPU.ActiveCfg = Release|Any CPU
		{32803BF6-5EFC-432C-9C30-4DB1A283280B}.Release|Any CPU.Build.0 = Release|Any CPU
	EndGlobalSection
	GlobalSection(SolutionProperties) = preSolution
		HideSolutionNode = FALSE
	EndGlobalSection
	GlobalSection(NestedProjects) = preSolution
		{F21EFE71-3F50-40DF-986E-EAB8900C9F6A} = {A1E21DE9-415C-4334-B3FA-D4FEDF92203C}
		{041B221C-F47E-4DA1-9222-3F17B2E0EC3D} = {FBA72252-289B-4E72-928C-23BFB1CC820E}
		{6C5D5F4C-B78F-4154-A771-920C87D3C057} = {FBA72252-289B-4E72-928C-23BFB1CC820E}
		{F327C62F-15B8-46B0-9402-3C0F014C3603} = {9B1801E0-5496-4DBB-9A0E-3F06D7D9ADD6}
		{32803BF6-5EFC-432C-9C30-4DB1A283280B} = {FBA72252-289B-4E72-928C-23BFB1CC820E}
	EndGlobalSection
	GlobalSection(ExtensibilityGlobals) = postSolution
		SolutionGuid = {4130D40A-60A7-4D41-A6E7-2CEEABADE99D}
	EndGlobalSection
EndGlobal
